
Microsoft Visual Studio Solution File, Format Version 12.00
# Visual Studio Version 17
VisualStudioVersion = 17.1.32210.238
MinimumVisualStudioVersion = 10.0.40219.1
Project("{FAE04EC0-301F-11D3-BF4B-00C04F79EFBC}") = "pbinfo", "pbinfo\pbinfo.csproj", "{B064BD1C-F6F5-41EE-BF3B-52B13441D7BA}"
EndProject
Project("{FAE04EC0-301F-11D3-BF4B-00C04F79EFBC}") = "Vectori546", "Vectori546\Vectori546.csproj", "{41399E8A-2F21-4481-B38D-C3C41DAB2AB4}"
EndProject
Project("{FAE04EC0-301F-11D3-BF4B-00C04F79EFBC}") = "Vectori488", "Vectori488\Vectori488.csproj", "{D2885832-097C-49F3-8A2E-DFDEAADB3228}"
EndProject
Project("{FAE04EC0-301F-11D3-BF4B-00C04F79EFBC}") = "Vectori489", "Vectori489\Vectori489.csproj", "{ED50C21F-7264-4DA2-B31A-D5691D00F778}"
EndProject
Project("{FAE04EC0-301F-11D3-BF4B-00C04F79EFBC}") = "Vectori486", "Vectori486\Vectori486.csproj", "{A1778AF5-A353-47D5-9B84-E9A21DC05F60}"
EndProject
Project("{FAE04EC0-301F-11D3-BF4B-00C04F79EFBC}") = "Vectori553", "Vectori553\Vectori553.csproj", "{016C3888-E5B5-4A7C-82A6-69A29AADB6E7}"
EndProject
Project("{FAE04EC0-301F-11D3-BF4B-00C04F79EFBC}") = "Vectori547", "Vectori547\Vectori547.csproj", "{A5DA3246-5ED1-4137-AF10-FE9CA25E0EEC}"
EndProject
Project("{FAE04EC0-301F-11D3-BF4B-00C04F79EFBC}") = "Vectori490", "Vectori490\Vectori490.csproj", "{411EF6C6-0A78-49E6-B9E4-A19DFD48D353}"
EndProject
Project("{FAE04EC0-301F-11D3-BF4B-00C04F79EFBC}") = "Vectori491", "Vectori491\Vectori491.csproj", "{AF60CD97-9E4B-40D1-BAA0-5D302341ACFA}"
EndProject
Project("{FAE04EC0-301F-11D3-BF4B-00C04F79EFBC}") = "Vectori487", "Vectori487\Vectori487.csproj", "{431C33A6-3900-4C2E-AE32-AB4D2E05C58A}"
EndProject
Project("{FAE04EC0-301F-11D3-BF4B-00C04F79EFBC}") = "Vectori986", "Vectori986\Vectori986.csproj", "{1194DDB0-530D-4E8D-8310-E7F3F73E635B}"
EndProject
Project("{FAE04EC0-301F-11D3-BF4B-00C04F79EFBC}") = "Vectori2858", "Vectori2858\Vectori2858.csproj", "{C8C49BB0-6ADC-475B-A9A1-D30DD036D7E6}"
EndProject
Project("{FAE04EC0-301F-11D3-BF4B-00C04F79EFBC}") = "Vectori492", "Vectori492\Vectori492.csproj", "{BBBF17C7-2565-42AA-8FFF-16DEB8C5B8FF}"
EndProject
Project("{FAE04EC0-301F-11D3-BF4B-00C04F79EFBC}") = "Vectori498", "Vectori498\Vectori498.csproj", "{1E02B09C-AE3F-44FB-B3B6-15D736A7C481}"
EndProject
Project("{FAE04EC0-301F-11D3-BF4B-00C04F79EFBC}") = "Vectori499", "Vectori499\Vectori499.csproj", "{353673F1-50AA-4E89-91FD-1183172027B0}"
EndProject
Project("{FAE04EC0-301F-11D3-BF4B-00C04F79EFBC}") = "Vectori494", "Vectori494\Vectori494.csproj", "{42E911A6-7D70-40EC-B5D4-596935AAA9C8}"
EndProject
Project("{FAE04EC0-301F-11D3-BF4B-00C04F79EFBC}") = "Vectori510", "Vectori510\Vectori510.csproj", "{A87263F3-3E9E-44BB-AC51-DE376D618214}"
EndProject
Project("{FAE04EC0-301F-11D3-BF4B-00C04F79EFBC}") = "Vectori511", "Vectori511\Vectori511.csproj", "{0FE7AB90-81C0-4314-8870-3A26B582DE93}"
EndProject
Project("{FAE04EC0-301F-11D3-BF4B-00C04F79EFBC}") = "Vectori493", "Vectori493\Vectori493.csproj", "{DCFAE46C-3468-4D6D-B7E7-4FCC904EE8D3}"
EndProject
Project("{FAE04EC0-301F-11D3-BF4B-00C04F79EFBC}") = "Vectori495", "Vectori495\Vectori495.csproj", "{E335E048-D7DE-4C1A-ADB8-CAF6DB6160F2}"
EndProject
Project("{FAE04EC0-301F-11D3-BF4B-00C04F79EFBC}") = "Vectori496", "Vectori496\Vectori496.csproj", "{ECA475E1-83B1-4A6D-9B0E-960039F26220}"
EndProject
Project("{FAE04EC0-301F-11D3-BF4B-00C04F79EFBC}") = "Vectori161", "Vectori161\Vectori161.csproj", "{7FA0CB09-CD56-4165-814C-250C27C33668}"
EndProject
Project("{FAE04EC0-301F-11D3-BF4B-00C04F79EFBC}") = "Vectori383", "Vectori383\Vectori383.csproj", "{54750AC3-D348-4139-B0F9-CA2648511EC3}"
EndProject
Project("{FAE04EC0-301F-11D3-BF4B-00C04F79EFBC}") = "Vectori1893", "Vectori1893\Vectori1893.csproj", "{D94057B5-7830-463D-B4E3-0B0952565B9F}"
EndProject
Project("{FAE04EC0-301F-11D3-BF4B-00C04F79EFBC}") = "Matrici658", "Matrici658\Matrici658.csproj", "{057B40CB-892E-415D-AF7D-6F98197D04BE}"
EndProject
Project("{FAE04EC0-301F-11D3-BF4B-00C04F79EFBC}") = "Vectori551", "Vectori551\Vectori551.csproj", "{CF79B760-B5A2-418C-B0DA-7766A4EB0DA3}"
EndProject
Project("{FAE04EC0-301F-11D3-BF4B-00C04F79EFBC}") = "Vectori4037", "Vectori4037\Vectori4037.csproj", "{7C18653C-0A30-4DCE-A962-06D96A927005}"
EndProject
Project("{FAE04EC0-301F-11D3-BF4B-00C04F79EFBC}") = "Matrici767", "Matrici767\Matrici767.csproj", "{29F2B1A8-6AA8-448E-8DC7-3A86839EC891}"
EndProject
Project("{FAE04EC0-301F-11D3-BF4B-00C04F79EFBC}") = "Matrici666", "Matrici666\Matrici666.csproj", "{8CCAF2DC-D00D-4CAE-BF33-54D52EFF926F}"
EndProject
Project("{FAE04EC0-301F-11D3-BF4B-00C04F79EFBC}") = "Matrici316", "Matrici316\Matrici316.csproj", "{DCD523AF-B9C1-4E44-A84F-50018840D468}"
EndProject
Project("{FAE04EC0-301F-11D3-BF4B-00C04F79EFBC}") = "Matrici2807", "Matrici2807\Matrici2807.csproj", "{C04FF002-BE2F-4767-A6D5-521888B9F27E}"
EndProject
Project("{FAE04EC0-301F-11D3-BF4B-00C04F79EFBC}") = "Matrici207", "Matrici207\Matrici207.csproj", "{68607177-B58B-4664-B461-0601EFBAEC8D}"
EndProject
Project("{FAE04EC0-301F-11D3-BF4B-00C04F79EFBC}") = "inmultireaMatricilor", "inmultireaMatricilor\inmultireaMatricilor.csproj", "{1AA57CF3-3021-4DD7-92AD-21EFC1A83EF8}"
EndProject
Project("{FAE04EC0-301F-11D3-BF4B-00C04F79EFBC}") = "Matrici659", "Matrici659\Matrici659.csproj", "{AE7FCA4E-8576-4F58-8C4C-3EC4034AF273}"
EndProject
Project("{FAE04EC0-301F-11D3-BF4B-00C04F79EFBC}") = "Matrici770", "Matrici770\Matrici770.csproj", "{3F6ACE1A-30EC-4643-98D4-B441FEDA92E5}"
EndProject
Global
	GlobalSection(SolutionConfigurationPlatforms) = preSolution
		Debug|Any CPU = Debug|Any CPU
		Release|Any CPU = Release|Any CPU
	EndGlobalSection
	GlobalSection(ProjectConfigurationPlatforms) = postSolution
		{B064BD1C-F6F5-41EE-BF3B-52B13441D7BA}.Debug|Any CPU.ActiveCfg = Debug|Any CPU
		{B064BD1C-F6F5-41EE-BF3B-52B13441D7BA}.Debug|Any CPU.Build.0 = Debug|Any CPU
		{B064BD1C-F6F5-41EE-BF3B-52B13441D7BA}.Release|Any CPU.ActiveCfg = Release|Any CPU
		{B064BD1C-F6F5-41EE-BF3B-52B13441D7BA}.Release|Any CPU.Build.0 = Release|Any CPU
		{41399E8A-2F21-4481-B38D-C3C41DAB2AB4}.Debug|Any CPU.ActiveCfg = Debug|Any CPU
		{41399E8A-2F21-4481-B38D-C3C41DAB2AB4}.Debug|Any CPU.Build.0 = Debug|Any CPU
		{41399E8A-2F21-4481-B38D-C3C41DAB2AB4}.Release|Any CPU.ActiveCfg = Release|Any CPU
		{41399E8A-2F21-4481-B38D-C3C41DAB2AB4}.Release|Any CPU.Build.0 = Release|Any CPU
		{D2885832-097C-49F3-8A2E-DFDEAADB3228}.Debug|Any CPU.ActiveCfg = Debug|Any CPU
		{D2885832-097C-49F3-8A2E-DFDEAADB3228}.Debug|Any CPU.Build.0 = Debug|Any CPU
		{D2885832-097C-49F3-8A2E-DFDEAADB3228}.Release|Any CPU.ActiveCfg = Release|Any CPU
		{D2885832-097C-49F3-8A2E-DFDEAADB3228}.Release|Any CPU.Build.0 = Release|Any CPU
		{ED50C21F-7264-4DA2-B31A-D5691D00F778}.Debug|Any CPU.ActiveCfg = Debug|Any CPU
		{ED50C21F-7264-4DA2-B31A-D5691D00F778}.Debug|Any CPU.Build.0 = Debug|Any CPU
		{ED50C21F-7264-4DA2-B31A-D5691D00F778}.Release|Any CPU.ActiveCfg = Release|Any CPU
		{ED50C21F-7264-4DA2-B31A-D5691D00F778}.Release|Any CPU.Build.0 = Release|Any CPU
		{A1778AF5-A353-47D5-9B84-E9A21DC05F60}.Debug|Any CPU.ActiveCfg = Debug|Any CPU
		{A1778AF5-A353-47D5-9B84-E9A21DC05F60}.Debug|Any CPU.Build.0 = Debug|Any CPU
		{A1778AF5-A353-47D5-9B84-E9A21DC05F60}.Release|Any CPU.ActiveCfg = Release|Any CPU
		{A1778AF5-A353-47D5-9B84-E9A21DC05F60}.Release|Any CPU.Build.0 = Release|Any CPU
		{016C3888-E5B5-4A7C-82A6-69A29AADB6E7}.Debug|Any CPU.ActiveCfg = Debug|Any CPU
		{016C3888-E5B5-4A7C-82A6-69A29AADB6E7}.Debug|Any CPU.Build.0 = Debug|Any CPU
		{016C3888-E5B5-4A7C-82A6-69A29AADB6E7}.Release|Any CPU.ActiveCfg = Release|Any CPU
		{016C3888-E5B5-4A7C-82A6-69A29AADB6E7}.Release|Any CPU.Build.0 = Release|Any CPU
		{A5DA3246-5ED1-4137-AF10-FE9CA25E0EEC}.Debug|Any CPU.ActiveCfg = Debug|Any CPU
		{A5DA3246-5ED1-4137-AF10-FE9CA25E0EEC}.Debug|Any CPU.Build.0 = Debug|Any CPU
		{A5DA3246-5ED1-4137-AF10-FE9CA25E0EEC}.Release|Any CPU.ActiveCfg = Release|Any CPU
		{A5DA3246-5ED1-4137-AF10-FE9CA25E0EEC}.Release|Any CPU.Build.0 = Release|Any CPU
		{411EF6C6-0A78-49E6-B9E4-A19DFD48D353}.Debug|Any CPU.ActiveCfg = Debug|Any CPU
		{411EF6C6-0A78-49E6-B9E4-A19DFD48D353}.Debug|Any CPU.Build.0 = Debug|Any CPU
		{411EF6C6-0A78-49E6-B9E4-A19DFD48D353}.Release|Any CPU.ActiveCfg = Release|Any CPU
		{411EF6C6-0A78-49E6-B9E4-A19DFD48D353}.Release|Any CPU.Build.0 = Release|Any CPU
		{AF60CD97-9E4B-40D1-BAA0-5D302341ACFA}.Debug|Any CPU.ActiveCfg = Debug|Any CPU
		{AF60CD97-9E4B-40D1-BAA0-5D302341ACFA}.Debug|Any CPU.Build.0 = Debug|Any CPU
		{AF60CD97-9E4B-40D1-BAA0-5D302341ACFA}.Release|Any CPU.ActiveCfg = Release|Any CPU
		{AF60CD97-9E4B-40D1-BAA0-5D302341ACFA}.Release|Any CPU.Build.0 = Release|Any CPU
		{431C33A6-3900-4C2E-AE32-AB4D2E05C58A}.Debug|Any CPU.ActiveCfg = Debug|Any CPU
		{431C33A6-3900-4C2E-AE32-AB4D2E05C58A}.Debug|Any CPU.Build.0 = Debug|Any CPU
		{431C33A6-3900-4C2E-AE32-AB4D2E05C58A}.Release|Any CPU.ActiveCfg = Release|Any CPU
		{431C33A6-3900-4C2E-AE32-AB4D2E05C58A}.Release|Any CPU.Build.0 = Release|Any CPU
		{1194DDB0-530D-4E8D-8310-E7F3F73E635B}.Debug|Any CPU.ActiveCfg = Debug|Any CPU
		{1194DDB0-530D-4E8D-8310-E7F3F73E635B}.Debug|Any CPU.Build.0 = Debug|Any CPU
		{1194DDB0-530D-4E8D-8310-E7F3F73E635B}.Release|Any CPU.ActiveCfg = Release|Any CPU
		{1194DDB0-530D-4E8D-8310-E7F3F73E635B}.Release|Any CPU.Build.0 = Release|Any CPU
		{C8C49BB0-6ADC-475B-A9A1-D30DD036D7E6}.Debug|Any CPU.ActiveCfg = Debug|Any CPU
		{C8C49BB0-6ADC-475B-A9A1-D30DD036D7E6}.Debug|Any CPU.Build.0 = Debug|Any CPU
		{C8C49BB0-6ADC-475B-A9A1-D30DD036D7E6}.Release|Any CPU.ActiveCfg = Release|Any CPU
		{C8C49BB0-6ADC-475B-A9A1-D30DD036D7E6}.Release|Any CPU.Build.0 = Release|Any CPU
		{BBBF17C7-2565-42AA-8FFF-16DEB8C5B8FF}.Debug|Any CPU.ActiveCfg = Debug|Any CPU
		{BBBF17C7-2565-42AA-8FFF-16DEB8C5B8FF}.Debug|Any CPU.Build.0 = Debug|Any CPU
		{BBBF17C7-2565-42AA-8FFF-16DEB8C5B8FF}.Release|Any CPU.ActiveCfg = Release|Any CPU
		{BBBF17C7-2565-42AA-8FFF-16DEB8C5B8FF}.Release|Any CPU.Build.0 = Release|Any CPU
		{1E02B09C-AE3F-44FB-B3B6-15D736A7C481}.Debug|Any CPU.ActiveCfg = Debug|Any CPU
		{1E02B09C-AE3F-44FB-B3B6-15D736A7C481}.Debug|Any CPU.Build.0 = Debug|Any CPU
		{1E02B09C-AE3F-44FB-B3B6-15D736A7C481}.Release|Any CPU.ActiveCfg = Release|Any CPU
		{1E02B09C-AE3F-44FB-B3B6-15D736A7C481}.Release|Any CPU.Build.0 = Release|Any CPU
		{353673F1-50AA-4E89-91FD-1183172027B0}.Debug|Any CPU.ActiveCfg = Debug|Any CPU
		{353673F1-50AA-4E89-91FD-1183172027B0}.Debug|Any CPU.Build.0 = Debug|Any CPU
		{353673F1-50AA-4E89-91FD-1183172027B0}.Release|Any CPU.ActiveCfg = Release|Any CPU
		{353673F1-50AA-4E89-91FD-1183172027B0}.Release|Any CPU.Build.0 = Release|Any CPU
		{42E911A6-7D70-40EC-B5D4-596935AAA9C8}.Debug|Any CPU.ActiveCfg = Debug|Any CPU
		{42E911A6-7D70-40EC-B5D4-596935AAA9C8}.Debug|Any CPU.Build.0 = Debug|Any CPU
		{42E911A6-7D70-40EC-B5D4-596935AAA9C8}.Release|Any CPU.ActiveCfg = Release|Any CPU
		{42E911A6-7D70-40EC-B5D4-596935AAA9C8}.Release|Any CPU.Build.0 = Release|Any CPU
		{A87263F3-3E9E-44BB-AC51-DE376D618214}.Debug|Any CPU.ActiveCfg = Debug|Any CPU
		{A87263F3-3E9E-44BB-AC51-DE376D618214}.Debug|Any CPU.Build.0 = Debug|Any CPU
		{A87263F3-3E9E-44BB-AC51-DE376D618214}.Release|Any CPU.ActiveCfg = Release|Any CPU
		{A87263F3-3E9E-44BB-AC51-DE376D618214}.Release|Any CPU.Build.0 = Release|Any CPU
		{0FE7AB90-81C0-4314-8870-3A26B582DE93}.Debug|Any CPU.ActiveCfg = Debug|Any CPU
		{0FE7AB90-81C0-4314-8870-3A26B582DE93}.Debug|Any CPU.Build.0 = Debug|Any CPU
		{0FE7AB90-81C0-4314-8870-3A26B582DE93}.Release|Any CPU.ActiveCfg = Release|Any CPU
		{0FE7AB90-81C0-4314-8870-3A26B582DE93}.Release|Any CPU.Build.0 = Release|Any CPU
		{DCFAE46C-3468-4D6D-B7E7-4FCC904EE8D3}.Debug|Any CPU.ActiveCfg = Debug|Any CPU
		{DCFAE46C-3468-4D6D-B7E7-4FCC904EE8D3}.Debug|Any CPU.Build.0 = Debug|Any CPU
		{DCFAE46C-3468-4D6D-B7E7-4FCC904EE8D3}.Release|Any CPU.ActiveCfg = Release|Any CPU
		{DCFAE46C-3468-4D6D-B7E7-4FCC904EE8D3}.Release|Any CPU.Build.0 = Release|Any CPU
		{E335E048-D7DE-4C1A-ADB8-CAF6DB6160F2}.Debug|Any CPU.ActiveCfg = Debug|Any CPU
		{E335E048-D7DE-4C1A-ADB8-CAF6DB6160F2}.Debug|Any CPU.Build.0 = Debug|Any CPU
		{E335E048-D7DE-4C1A-ADB8-CAF6DB6160F2}.Release|Any CPU.ActiveCfg = Release|Any CPU
		{E335E048-D7DE-4C1A-ADB8-CAF6DB6160F2}.Release|Any CPU.Build.0 = Release|Any CPU
		{ECA475E1-83B1-4A6D-9B0E-960039F26220}.Debug|Any CPU.ActiveCfg = Debug|Any CPU
		{ECA475E1-83B1-4A6D-9B0E-960039F26220}.Debug|Any CPU.Build.0 = Debug|Any CPU
		{ECA475E1-83B1-4A6D-9B0E-960039F26220}.Release|Any CPU.ActiveCfg = Release|Any CPU
		{ECA475E1-83B1-4A6D-9B0E-960039F26220}.Release|Any CPU.Build.0 = Release|Any CPU
		{7FA0CB09-CD56-4165-814C-250C27C33668}.Debug|Any CPU.ActiveCfg = Debug|Any CPU
		{7FA0CB09-CD56-4165-814C-250C27C33668}.Debug|Any CPU.Build.0 = Debug|Any CPU
		{7FA0CB09-CD56-4165-814C-250C27C33668}.Release|Any CPU.ActiveCfg = Release|Any CPU
		{7FA0CB09-CD56-4165-814C-250C27C33668}.Release|Any CPU.Build.0 = Release|Any CPU
		{54750AC3-D348-4139-B0F9-CA2648511EC3}.Debug|Any CPU.ActiveCfg = Debug|Any CPU
		{54750AC3-D348-4139-B0F9-CA2648511EC3}.Debug|Any CPU.Build.0 = Debug|Any CPU
		{54750AC3-D348-4139-B0F9-CA2648511EC3}.Release|Any CPU.ActiveCfg = Release|Any CPU
		{54750AC3-D348-4139-B0F9-CA2648511EC3}.Release|Any CPU.Build.0 = Release|Any CPU
		{D94057B5-7830-463D-B4E3-0B0952565B9F}.Debug|Any CPU.ActiveCfg = Debug|Any CPU
		{D94057B5-7830-463D-B4E3-0B0952565B9F}.Debug|Any CPU.Build.0 = Debug|Any CPU
		{D94057B5-7830-463D-B4E3-0B0952565B9F}.Release|Any CPU.ActiveCfg = Release|Any CPU
		{D94057B5-7830-463D-B4E3-0B0952565B9F}.Release|Any CPU.Build.0 = Release|Any CPU
		{057B40CB-892E-415D-AF7D-6F98197D04BE}.Debug|Any CPU.ActiveCfg = Debug|Any CPU
		{057B40CB-892E-415D-AF7D-6F98197D04BE}.Debug|Any CPU.Build.0 = Debug|Any CPU
		{057B40CB-892E-415D-AF7D-6F98197D04BE}.Release|Any CPU.ActiveCfg = Release|Any CPU
		{057B40CB-892E-415D-AF7D-6F98197D04BE}.Release|Any CPU.Build.0 = Release|Any CPU
		{CF79B760-B5A2-418C-B0DA-7766A4EB0DA3}.Debug|Any CPU.ActiveCfg = Debug|Any CPU
		{CF79B760-B5A2-418C-B0DA-7766A4EB0DA3}.Debug|Any CPU.Build.0 = Debug|Any CPU
		{CF79B760-B5A2-418C-B0DA-7766A4EB0DA3}.Release|Any CPU.ActiveCfg = Release|Any CPU
		{CF79B760-B5A2-418C-B0DA-7766A4EB0DA3}.Release|Any CPU.Build.0 = Release|Any CPU
		{7C18653C-0A30-4DCE-A962-06D96A927005}.Debug|Any CPU.ActiveCfg = Debug|Any CPU
		{7C18653C-0A30-4DCE-A962-06D96A927005}.Debug|Any CPU.Build.0 = Debug|Any CPU
		{7C18653C-0A30-4DCE-A962-06D96A927005}.Release|Any CPU.ActiveCfg = Release|Any CPU
		{7C18653C-0A30-4DCE-A962-06D96A927005}.Release|Any CPU.Build.0 = Release|Any CPU
		{29F2B1A8-6AA8-448E-8DC7-3A86839EC891}.Debug|Any CPU.ActiveCfg = Debug|Any CPU
		{29F2B1A8-6AA8-448E-8DC7-3A86839EC891}.Debug|Any CPU.Build.0 = Debug|Any CPU
		{29F2B1A8-6AA8-448E-8DC7-3A86839EC891}.Release|Any CPU.ActiveCfg = Release|Any CPU
		{29F2B1A8-6AA8-448E-8DC7-3A86839EC891}.Release|Any CPU.Build.0 = Release|Any CPU
		{8CCAF2DC-D00D-4CAE-BF33-54D52EFF926F}.Debug|Any CPU.ActiveCfg = Debug|Any CPU
		{8CCAF2DC-D00D-4CAE-BF33-54D52EFF926F}.Debug|Any CPU.Build.0 = Debug|Any CPU
		{8CCAF2DC-D00D-4CAE-BF33-54D52EFF926F}.Release|Any CPU.ActiveCfg = Release|Any CPU
		{8CCAF2DC-D00D-4CAE-BF33-54D52EFF926F}.Release|Any CPU.Build.0 = Release|Any CPU
		{DCD523AF-B9C1-4E44-A84F-50018840D468}.Debug|Any CPU.ActiveCfg = Debug|Any CPU
		{DCD523AF-B9C1-4E44-A84F-50018840D468}.Debug|Any CPU.Build.0 = Debug|Any CPU
		{DCD523AF-B9C1-4E44-A84F-50018840D468}.Release|Any CPU.ActiveCfg = Release|Any CPU
		{DCD523AF-B9C1-4E44-A84F-50018840D468}.Release|Any CPU.Build.0 = Release|Any CPU
		{C04FF002-BE2F-4767-A6D5-521888B9F27E}.Debug|Any CPU.ActiveCfg = Debug|Any CPU
		{C04FF002-BE2F-4767-A6D5-521888B9F27E}.Debug|Any CPU.Build.0 = Debug|Any CPU
		{C04FF002-BE2F-4767-A6D5-521888B9F27E}.Release|Any CPU.ActiveCfg = Release|Any CPU
		{C04FF002-BE2F-4767-A6D5-521888B9F27E}.Release|Any CPU.Build.0 = Release|Any CPU
		{68607177-B58B-4664-B461-0601EFBAEC8D}.Debug|Any CPU.ActiveCfg = Debug|Any CPU
		{68607177-B58B-4664-B461-0601EFBAEC8D}.Debug|Any CPU.Build.0 = Debug|Any CPU
		{68607177-B58B-4664-B461-0601EFBAEC8D}.Release|Any CPU.ActiveCfg = Release|Any CPU
		{68607177-B58B-4664-B461-0601EFBAEC8D}.Release|Any CPU.Build.0 = Release|Any CPU
		{1AA57CF3-3021-4DD7-92AD-21EFC1A83EF8}.Debug|Any CPU.ActiveCfg = Debug|Any CPU
		{1AA57CF3-3021-4DD7-92AD-21EFC1A83EF8}.Debug|Any CPU.Build.0 = Debug|Any CPU
		{1AA57CF3-3021-4DD7-92AD-21EFC1A83EF8}.Release|Any CPU.ActiveCfg = Release|Any CPU
		{1AA57CF3-3021-4DD7-92AD-21EFC1A83EF8}.Release|Any CPU.Build.0 = Release|Any CPU
		{AE7FCA4E-8576-4F58-8C4C-3EC4034AF273}.Debug|Any CPU.ActiveCfg = Debug|Any CPU
		{AE7FCA4E-8576-4F58-8C4C-3EC4034AF273}.Debug|Any CPU.Build.0 = Debug|Any CPU
		{AE7FCA4E-8576-4F58-8C4C-3EC4034AF273}.Release|Any CPU.ActiveCfg = Release|Any CPU
		{AE7FCA4E-8576-4F58-8C4C-3EC4034AF273}.Release|Any CPU.Build.0 = Release|Any CPU
		{3F6ACE1A-30EC-4643-98D4-B441FEDA92E5}.Debug|Any CPU.ActiveCfg = Debug|Any CPU
		{3F6ACE1A-30EC-4643-98D4-B441FEDA92E5}.Debug|Any CPU.Build.0 = Debug|Any CPU
		{3F6ACE1A-30EC-4643-98D4-B441FEDA92E5}.Release|Any CPU.ActiveCfg = Release|Any CPU
		{3F6ACE1A-30EC-4643-98D4-B441FEDA92E5}.Release|Any CPU.Build.0 = Release|Any CPU
	EndGlobalSection
	GlobalSection(SolutionProperties) = preSolution
		HideSolutionNode = FALSE
	EndGlobalSection
	GlobalSection(ExtensibilityGlobals) = postSolution
		SolutionGuid = {7214E3D9-FB62-4DB4-97C6-2781F7356C32}
	EndGlobalSection
EndGlobal
